// !$*UTF8*$!
{
	archiveVersion = 1;
	classes = {
	};
	objectVersion = 46;
	objects = {

/* Begin PBXBuildFile section */
		32A8FCA81CB484DA00B9056C /* Main.cpp in Sources */ = {isa = PBXBuildFile; fileRef = 32A8FCA71CB484DA00B9056C /* Main.cpp */; };
/* End PBXBuildFile section */

/* Begin PBXCopyFilesBuildPhase section */
		32A8FC701CB4844B00B9056C /* CopyFiles */ = {
			isa = PBXCopyFilesBuildPhase;
			buildActionMask = 2147483647;
			dstPath = /usr/share/man/man1/;
			dstSubfolderSpec = 0;
			files = (
			);
			runOnlyForDeploymentPostprocessing = 1;
		};
/* End PBXCopyFilesBuildPhase section */

/* Begin PBXFileReference section */
		32A8FC721CB4844B00B9056C /* MicroMouseOnMac */ = {isa = PBXFileReference; explicitFileType = "compiled.mach-o.executable"; includeInIndex = 0; path = MicroMouseOnMac; sourceTree = BUILT_PRODUCTS_DIR; };
		32A8FC7C1CB4847400B9056C /* micromouse */ = {isa = PBXFileReference; lastKnownFileType = folder; name = micromouse; path = ../../micromouse; sourceTree = "<group>"; };
		32A8FCA71CB484DA00B9056C /* Main.cpp */ = {isa = PBXFileReference; fileEncoding = 4; lastKnownFileType = sourcecode.cpp.cpp; name = Main.cpp; path = ../../Main.cpp; sourceTree = "<group>"; };
/* End PBXFileReference section */

/* Begin PBXFrameworksBuildPhase section */
		32A8FC6F1CB4844B00B9056C /* Frameworks */ = {
			isa = PBXFrameworksBuildPhase;
			buildActionMask = 2147483647;
			files = (
			);
			runOnlyForDeploymentPostprocessing = 0;
		};
/* End PBXFrameworksBuildPhase section */

/* Begin PBXGroup section */
		32A8FC691CB4844B00B9056C = {
			isa = PBXGroup;
			children = (
				32A8FC741CB4844B00B9056C /* MicroMouseOnMac */,
				32A8FC731CB4844B00B9056C /* Products */,
			);
			sourceTree = "<group>";
		};
		32A8FC731CB4844B00B9056C /* Products */ = {
			isa = PBXGroup;
			children = (
				32A8FC721CB4844B00B9056C /* MicroMouseOnMac */,
			);
			name = Products;
			sourceTree = "<group>";
		};
		32A8FC741CB4844B00B9056C /* MicroMouseOnMac */ = {
			isa = PBXGroup;
			children = (
				32A8FCA71CB484DA00B9056C /* Main.cpp */,
				32A8FC7C1CB4847400B9056C /* micromouse */,
			);
			path = MicroMouseOnMac;
			sourceTree = "<group>";
		};
/* End PBXGroup section */

/* Begin PBXNativeTarget section */
		32A8FC711CB4844B00B9056C /* MicroMouseOnMac */ = {
			isa = PBXNativeTarget;
			buildConfigurationList = 32A8FC791CB4844B00B9056C /* Build configuration list for PBXNativeTarget "MicroMouseOnMac" */;
			buildPhases = (
				32A8FC6E1CB4844B00B9056C /* Sources */,
				32A8FC6F1CB4844B00B9056C /* Frameworks */,
				32A8FC701CB4844B00B9056C /* CopyFiles */,
			);
			buildRules = (
			);
			dependencies = (
			);
			name = MicroMouseOnMac;
			productName = MicroMouseOnMac;
			productReference = 32A8FC721CB4844B00B9056C /* MicroMouseOnMac */;
			productType = "com.apple.product-type.tool";
		};
/* End PBXNativeTarget section */

/* Begin PBXProject section */
		32A8FC6A1CB4844B00B9056C /* Project object */ = {
			isa = PBXProject;
			attributes = {
				LastUpgradeCheck = 0630;
				ORGANIZATIONNAME = SRJCCSC;
				TargetAttributes = {
					32A8FC711CB4844B00B9056C = {
						CreatedOnToolsVersion = 6.3.2;
					};
				};
			};
			buildConfigurationList = 32A8FC6D1CB4844B00B9056C /* Build configuration list for PBXProject "MicroMouseOnMac" */;
			compatibilityVersion = "Xcode 3.2";
			developmentRegion = English;
			hasScannedForEncodings = 0;
			knownRegions = (
				en,
			);
			mainGroup = 32A8FC691CB4844B00B9056C;
			productRefGroup = 32A8FC731CB4844B00B9056C /* Products */;
			projectDirPath = "";
			projectRoot = "";
			targets = (
				32A8FC711CB4844B00B9056C /* MicroMouseOnMac */,
			);
		};
/* End PBXProject section */

/* Begin PBXSourcesBuildPhase section */
		32A8FC6E1CB4844B00B9056C /* Sources */ = {
			isa = PBXSourcesBuildPhase;
			buildActionMask = 2147483647;
			files = (
				32A8FCA81CB484DA00B9056C /* Main.cpp in Sources */,
			);
			runOnlyForDeploymentPostprocessing = 0;
		};
/* End PBXSourcesBuildPhase section */

/* Begin XCBuildConfiguration section */
		32A8FC771CB4844B00B9056C /* Debug */ = {
			isa = XCBuildConfiguration;
			buildSettings = {
				ALWAYS_SEARCH_USER_PATHS = NO;
				CLANG_CXX_LANGUAGE_STANDARD = "gnu++0x";
				CLANG_CXX_LIBRARY = "libc++";
				CLANG_ENABLE_MODULES = YES;
				CLANG_ENABLE_OBJC_ARC = YES;
				CLANG_WARN_BOOL_CONVERSION = YES;
				CLANG_WARN_CONSTANT_CONVERSION = YES;
				CLANG_WARN_DIRECT_OBJC_ISA_USAGE = YES_ERROR;
				CLANG_WARN_EMPTY_BODY = YES;
				CLANG_WARN_ENUM_CONVERSION = YES;
				CLANG_WARN_INT_CONVERSION = YES;
				CLANG_WARN_OBJC_ROOT_CLASS = YES_ERROR;
				CLANG_WARN_UNREACHABLE_CODE = YES;
				CLANG_WARN__DUPLICATE_METHOD_MATCH = YES;
				COPY_PHASE_STRIP = NO;
				DEBUG_INFORMATION_FORMAT = dwarf;
				ENABLE_STRICT_OBJC_MSGSEND = YES;
				GCC_C_LANGUAGE_STANDARD = gnu99;
				GCC_DYNAMIC_NO_PIC = NO;
				GCC_NO_COMMON_BLOCKS = YES;
				GCC_OPTIMIZATION_LEVEL = 0;
				GCC_PREPROCESSOR_DEFINITIONS = (
					"DEBUG=1",
					"$(inherited)",
				);
				GCC_SYMBOLS_PRIVATE_EXTERN = NO;
				GCC_WARN_64_TO_32_BIT_CONVERSION = YES;
				GCC_WARN_ABOUT_RETURN_TYPE = YES_ERROR;
				GCC_WARN_UNDECLARED_SELECTOR = YES;
				GCC_WARN_UNINITIALIZED_AUTOS = YES_AGGRESSIVE;
				GCC_WARN_UNUSED_FUNCTION = YES;
				GCC_WARN_UNUSED_VARIABLE = YES;
				MACOSX_DEPLOYMENT_TARGET = 10.10;
				MTL_ENABLE_DEBUG_INFO = YES;
				ONLY_ACTIVE_ARCH = YES;
				SDKROOT = macosx;
			};
			name = Debug;
		};
		32A8FC781CB4844B00B9056C /* Release */ = {
			isa = XCBuildConfiguration;
			buildSettings = {
				ALWAYS_SEARCH_USER_PATHS = NO;
				CLANG_CXX_LANGUAGE_STANDARD = "gnu++0x";
				CLANG_CXX_LIBRARY = "libc++";
				CLANG_ENABLE_MODULES = YES;
				CLANG_ENABLE_OBJC_ARC = YES;
				CLANG_WARN_BOOL_CONVERSION = YES;
				CLANG_WARN_CONSTANT_CONVERSION = YES;
				CLANG_WARN_DIRECT_OBJC_ISA_USAGE = YES_ERROR;
				CLANG_WARN_EMPTY_BODY = YES;
				CLANG_WARN_ENUM_CONVERSION = YES;
				CLANG_WARN_INT_CONVERSION = YES;
				CLANG_WARN_OBJC_ROOT_CLASS = YES_ERROR;
				CLANG_WARN_UNREACHABLE_CODE = YES;
				CLANG_WARN__DUPLICATE_METHOD_MATCH = YES;
				COPY_PHASE_STRIP = NO;
				DEBUG_INFORMATION_FORMAT = "dwarf-with-dsym";
				ENABLE_NS_ASSERTIONS = NO;
				ENABLE_STRICT_OBJC_MSGSEND = YES;
				GCC_C_LANGUAGE_STANDARD = gnu99;
				GCC_NO_COMMON_BLOCKS = YES;
				GCC_WARN_64_TO_32_BIT_CONVERSION = YES;
				GCC_WARN_ABOUT_RETURN_TYPE = YES_ERROR;
				GCC_WARN_UNDECLARED_SELECTOR = YES;
				GCC_WARN_UNINITIALIZED_AUTOS = YES_AGGRESSIVE;
				GCC_WARN_UNUSED_FUNCTION = YES;
				GCC_WARN_UNUSED_VARIABLE = YES;
				MACOSX_DEPLOYMENT_TARGET = 10.10;
				MTL_ENABLE_DEBUG_INFO = NO;
				SDKROOT = macosx;
			};
			name = Release;
		};
		32A8FC7A1CB4844B00B9056C /* Debug */ = {
			isa = XCBuildConfiguration;
			buildSettings = {
				PRODUCT_NAME = "$(TARGET_NAME)";
			};
			name = Debug;
		};
		32A8FC7B1CB4844B00B9056C /* Release */ = {
			isa = XCBuildConfiguration;
			buildSettings = {
				PRODUCT_NAME = "$(TARGET_NAME)";
			};
			name = Release;
		};
/* End XCBuildConfiguration section */

/* Begin XCConfigurationList section */
		32A8FC6D1CB4844B00B9056C /* Build configuration list for PBXProject "MicroMouseOnMac" */ = {
			isa = XCConfigurationList;
			buildConfigurations = (
				32A8FC771CB4844B00B9056C /* Debug */,
				32A8FC781CB4844B00B9056C /* Release */,
			);
			defaultConfigurationIsVisible = 0;
			defaultConfigurationName = Release;
		};
		32A8FC791CB4844B00B9056C /* Build configuration list for PBXNativeTarget "MicroMouseOnMac" */ = {
			isa = XCConfigurationList;
			buildConfigurations = (
				32A8FC7A1CB4844B00B9056C /* Debug */,
				32A8FC7B1CB4844B00B9056C /* Release */,
			);
			defaultConfigurationIsVisible = 0;
		};
/* End XCConfigurationList section */
	};
	rootObject = 32A8FC6A1CB4844B00B9056C /* Project object */;
}
