
Microsoft Visual Studio Solution File, Format Version 12.00
# Visual Studio 14
VisualStudioVersion = 14.0.23107.0
MinimumVisualStudioVersion = 10.0.40219.1
Project("{8BC9CEB8-8B4A-11D0-8D11-00A0C91BC942}") = "MicroMouse-2016", "MicroMouse-2016.vcxproj", "{6F55D213-3BDC-43DF-A5C1-29F905261A17}"
EndProject
Project("{2150E333-8FDC-42A3-9474-1A3956D46DE8}") = "Solution Items", "Solution Items", "{4BB0060C-A850-4B4C-90D0-D4BC6E65F7A6}"
EndProject
Global
	GlobalSection(SolutionConfigurationPlatforms) = preSolution
		Debug|x64 = Debug|x64
		Debug|x86 = Debug|x86
		Release|x64 = Release|x64
		Release|x86 = Release|x86
		simulation|x64 = simulation|x64
		simulation|x86 = simulation|x86
	EndGlobalSection
	GlobalSection(ProjectConfigurationPlatforms) = postSolution
		{6F55D213-3BDC-43DF-A5C1-29F905261A17}.Debug|x64.ActiveCfg = Debug|x64
		{6F55D213-3BDC-43DF-A5C1-29F905261A17}.Debug|x64.Build.0 = Debug|x64
		{6F55D213-3BDC-43DF-A5C1-29F905261A17}.Debug|x86.ActiveCfg = Debug|Win32
		{6F55D213-3BDC-43DF-A5C1-29F905261A17}.Debug|x86.Build.0 = Debug|Win32
		{6F55D213-3BDC-43DF-A5C1-29F905261A17}.Release|x64.ActiveCfg = Release|x64
		{6F55D213-3BDC-43DF-A5C1-29F905261A17}.Release|x64.Build.0 = Release|x64
		{6F55D213-3BDC-43DF-A5C1-29F905261A17}.Release|x86.ActiveCfg = Release|Win32
		{6F55D213-3BDC-43DF-A5C1-29F905261A17}.Release|x86.Build.0 = Release|Win32
		{6F55D213-3BDC-43DF-A5C1-29F905261A17}.simulation|x64.ActiveCfg = Simulation|x64
		{6F55D213-3BDC-43DF-A5C1-29F905261A17}.simulation|x64.Build.0 = Simulation|x64
		{6F55D213-3BDC-43DF-A5C1-29F905261A17}.simulation|x86.ActiveCfg = Simulation|Win32
		{6F55D213-3BDC-43DF-A5C1-29F905261A17}.simulation|x86.Build.0 = Simulation|Win32
	EndGlobalSection
	GlobalSection(SolutionProperties) = preSolution
		HideSolutionNode = FALSE
	EndGlobalSection
EndGlobal
