<?xml version="1.0" encoding="utf-8"?>
<Project ToolsVersion="4.0" xmlns="http://schemas.microsoft.com/developer/msbuild/2003">
  <ItemGroup>
    <ClCompile Include="Main.cpp" />
    <ClCompile Include="micromouse\Controller.cpp" />
    <ClCompile Include="micromouse\FlagMatrix.cpp" />
    <ClCompile Include="micromouse\Maze.cpp" />
    <ClCompile Include="micromouse\Memory.cpp" />
    <ClCompile Include="micromouse\Motor.cpp" />
    <ClCompile Include="micromouse\MouseBot.cpp" />
    <ClCompile Include="micromouse\Node.cpp" />
    <ClCompile Include="micromouse\Path.cpp" />
    <ClCompile Include="micromouse\PIDController.cpp" />
    <ClCompile Include="micromouse\RobotIO.cpp" />
    <ClCompile Include="micromouse\IRSensor.cpp" />
    <ClCompile Include="micromouse\Timer.cpp" />
    <ClCompile Include="micromouse\Vector.cpp" />
    <ClCompile Include="micromouse\VirtualMaze.cpp" />
    <ClCompile Include="micromouse\Drawable.cpp" />
    <ClCompile Include="micromouse\Window.cpp" />
  </ItemGroup>
  <ItemGroup>
    <ClInclude Include="micromouse\ButtonFlag.h" />
    <ClInclude Include="micromouse\Controller.h" />
    <ClInclude Include="micromouse\FlagMatrix.h" />
    <ClInclude Include="micromouse\Logger.h" />
    <ClInclude Include="micromouse\Maze.h" />
    <ClInclude Include="micromouse\Memory.h" />
    <ClInclude Include="micromouse\Motor.h" />
    <ClInclude Include="micromouse\MouseBot.h" />
    <ClInclude Include="micromouse\Node.h" />
    <ClInclude Include="micromouse\Path.h" />
    <ClInclude Include="micromouse\PIDController.h" />
    <ClInclude Include="micromouse\RobotIO.h" />
    <ClInclude Include="micromouse\IRSensor.h" />
    <ClInclude Include="micromouse\Timer.h" />
    <ClInclude Include="micromouse\Vector.h" />
    <ClInclude Include="micromouse\VirtualMaze.h" />
    <ClInclude Include="micromouse\Drawable.h" />
    <ClInclude Include="micromouse\Window.h" />
  </ItemGroup>
</Project>