<?xml version="1.0" encoding="utf-8"?>
<Project ToolsVersion="4.0" xmlns="http://schemas.microsoft.com/developer/msbuild/2003">
  <ItemGroup>
    <ClCompile Include="Main.cpp" />
    <ClCompile Include="micromouse\Controller.cpp" />
    <ClCompile Include="micromouse\FlagMatrix.cpp" />
    <ClCompile Include="micromouse\Maze.cpp" />
    <ClCompile Include="micromouse\Motor.cpp" />
    <ClCompile Include="micromouse\MouseBot.cpp" />
    <ClCompile Include="micromouse\Node.cpp" />
    <ClCompile Include="micromouse\Path.cpp" />
    <ClCompile Include="micromouse\RobotIO.cpp" />
    <ClCompile Include="micromouse\IRSensor.cpp" />
    <ClCompile Include="micromouse\Vector.cpp" />
    <ClCompile Include="micromouse\VirtualMaze.cpp" />
    <ClCompile Include="micromouse\Magnetometer.cpp" />
  </ItemGroup>
  <ItemGroup>
<<<<<<< HEAD
    <ClInclude Include="micromouse\Controller.h" />
    <ClInclude Include="micromouse\FlagMatrix.h" />
    <ClInclude Include="micromouse\Logger.h" />
    <ClInclude Include="micromouse\Maze.h" />
    <ClInclude Include="micromouse\Motor.h" />
    <ClInclude Include="micromouse\MouseBot.h" />
    <ClInclude Include="micromouse\Node.h" />
    <ClInclude Include="micromouse\Path.h" />
    <ClInclude Include="micromouse\RobotIO.h" />
    <ClInclude Include="micromouse\IRSensor.h" />
    <ClInclude Include="micromouse\Vector.h" />
    <ClInclude Include="micromouse\VirtualMaze.h" />
    <ClInclude Include="micromouse\Magnetometer.h" />
=======
    <ClCompile Include="Main.cpp">
      <Filter>Source Files</Filter>
    </ClCompile>
    <ClCompile Include="micromouse\Controller.cpp">
      <Filter>Source Files</Filter>
    </ClCompile>
    <ClCompile Include="micromouse\FlagMatrix.cpp">
      <Filter>Source Files</Filter>
    </ClCompile>
    <ClCompile Include="micromouse\Maze.cpp">
      <Filter>Source Files</Filter>
    </ClCompile>
    <ClCompile Include="micromouse\MouseBot.cpp">
      <Filter>Source Files</Filter>
    </ClCompile>
    <ClCompile Include="micromouse\Node.cpp">
      <Filter>Source Files</Filter>
    </ClCompile>
    <ClCompile Include="micromouse\Path.cpp">
      <Filter>Source Files</Filter>
    </ClCompile>
    <ClCompile Include="micromouse\Vector.cpp">
      <Filter>Source Files</Filter>
    </ClCompile>
    <ClCompile Include="micromouse\RobotIO.cpp">
      <Filter>Source Files</Filter>
    </ClCompile>
    <ClCompile Include="micromouse\VirtualMaze.cpp">
      <Filter>Source Files</Filter>
    </ClCompile>
    <ClCompile Include="micromouse\IRSensor.cpp">
      <Filter>Source Files</Filter>
    </ClCompile>
    <ClCompile Include="micromouse\Motor.cpp">
      <Filter>Source Files</Filter>
    </ClCompile>
    <ClCompile Include="micromouse\PIDControl.cpp">
      <Filter>Source Files</Filter>
    </ClCompile>
  </ItemGroup>
  <ItemGroup>
    <ClInclude Include="micromouse\Controller.h">
      <Filter>Header Files</Filter>
    </ClInclude>
    <ClInclude Include="micromouse\FlagMatrix.h">
      <Filter>Header Files</Filter>
    </ClInclude>
    <ClInclude Include="micromouse\Logger.h">
      <Filter>Header Files</Filter>
    </ClInclude>
    <ClInclude Include="micromouse\Maze.h">
      <Filter>Header Files</Filter>
    </ClInclude>
    <ClInclude Include="micromouse\MouseBot.h">
      <Filter>Header Files</Filter>
    </ClInclude>
    <ClInclude Include="micromouse\Node.h">
      <Filter>Header Files</Filter>
    </ClInclude>
    <ClInclude Include="micromouse\Path.h">
      <Filter>Header Files</Filter>
    </ClInclude>
    <ClInclude Include="micromouse\Vector.h">
      <Filter>Header Files</Filter>
    </ClInclude>
    <ClInclude Include="micromouse\RobotIO.h">
      <Filter>Header Files</Filter>
    </ClInclude>
    <ClInclude Include="micromouse\VirtualMaze.h">
      <Filter>Header Files</Filter>
    </ClInclude>
    <ClInclude Include="micromouse\IRSensor.h">
      <Filter>Header Files</Filter>
    </ClInclude>
    <ClInclude Include="micromouse\Motor.h">
      <Filter>Header Files</Filter>
    </ClInclude>
    <ClInclude Include="micromouse\PIDControl.h">
      <Filter>Header Files</Filter>
    </ClInclude>
>>>>>>> dev
  </ItemGroup>
</Project>